
Microsoft Visual Studio Solution File, Format Version 12.00
Project("{FAE04EC0-301F-11D3-BF4B-00C04F79EFBC}") = "DigitalDiary", "DigitalDiary\DigitalDiary.csproj", "{D23025D2-F20F-4BFA-85B2-BCCB28FE782D}"
EndProject
Project("{FAE04EC0-301F-11D3-BF4B-00C04F79EFBC}") = "Infrastructure", "Infrastructure\Infrastructure.csproj", "{9D06DA8C-4C6A-4EA3-BA42-AA66A2A1B9AD}"
EndProject
Global
	GlobalSection(SolutionConfigurationPlatforms) = preSolution
		Debug|Any CPU = Debug|Any CPU
		Release|Any CPU = Release|Any CPU
	EndGlobalSection
	GlobalSection(ProjectConfigurationPlatforms) = postSolution
		{D23025D2-F20F-4BFA-85B2-BCCB28FE782D}.Debug|Any CPU.ActiveCfg = Debug|Any CPU
		{D23025D2-F20F-4BFA-85B2-BCCB28FE782D}.Debug|Any CPU.Build.0 = Debug|Any CPU
		{D23025D2-F20F-4BFA-85B2-BCCB28FE782D}.Release|Any CPU.ActiveCfg = Release|Any CPU
		{D23025D2-F20F-4BFA-85B2-BCCB28FE782D}.Release|Any CPU.Build.0 = Release|Any CPU
		{9D06DA8C-4C6A-4EA3-BA42-AA66A2A1B9AD}.Debug|Any CPU.ActiveCfg = Debug|Any CPU
		{9D06DA8C-4C6A-4EA3-BA42-AA66A2A1B9AD}.Debug|Any CPU.Build.0 = Debug|Any CPU
		{9D06DA8C-4C6A-4EA3-BA42-AA66A2A1B9AD}.Release|Any CPU.ActiveCfg = Release|Any CPU
		{9D06DA8C-4C6A-4EA3-BA42-AA66A2A1B9AD}.Release|Any CPU.Build.0 = Release|Any CPU
	EndGlobalSection
EndGlobal
